
Microsoft Visual Studio Solution File, Format Version 12.00
# Visual Studio Version 16
VisualStudioVersion = 16.0.32106.194
MinimumVisualStudioVersion = 10.0.40219.1
Project("{FAE04EC0-301F-11D3-BF4B-00C04F79EFBC}") = "Q14", "Q14\Q14.csproj", "{7D433B48-4741-4151-9343-4F7C5F5595DD}"
EndProject
Global
	GlobalSection(SolutionConfigurationPlatforms) = preSolution
		Debug|Any CPU = Debug|Any CPU
		Release|Any CPU = Release|Any CPU
	EndGlobalSection
	GlobalSection(ProjectConfigurationPlatforms) = postSolution
		{7D433B48-4741-4151-9343-4F7C5F5595DD}.Debug|Any CPU.ActiveCfg = Debug|Any CPU
		{7D433B48-4741-4151-9343-4F7C5F5595DD}.Debug|Any CPU.Build.0 = Debug|Any CPU
		{7D433B48-4741-4151-9343-4F7C5F5595DD}.Release|Any CPU.ActiveCfg = Release|Any CPU
		{7D433B48-4741-4151-9343-4F7C5F5595DD}.Release|Any CPU.Build.0 = Release|Any CPU
	EndGlobalSection
	GlobalSection(SolutionProperties) = preSolution
		HideSolutionNode = FALSE
	EndGlobalSection
	GlobalSection(ExtensibilityGlobals) = postSolution
		SolutionGuid = {07E00400-75CF-487A-A1D3-20EB1C3036D1}
	EndGlobalSection
EndGlobal
