
Microsoft Visual Studio Solution File, Format Version 12.00
# Visual Studio Version 16
VisualStudioVersion = 16.0.32106.194
MinimumVisualStudioVersion = 10.0.40219.1
Project("{FAE04EC0-301F-11D3-BF4B-00C04F79EFBC}") = "Q10", "Q10\Q10.csproj", "{83928AA5-16B1-47BD-88BB-EA3C1C9A0344}"
EndProject
Global
	GlobalSection(SolutionConfigurationPlatforms) = preSolution
		Debug|Any CPU = Debug|Any CPU
		Release|Any CPU = Release|Any CPU
	EndGlobalSection
	GlobalSection(ProjectConfigurationPlatforms) = postSolution
		{83928AA5-16B1-47BD-88BB-EA3C1C9A0344}.Debug|Any CPU.ActiveCfg = Debug|Any CPU
		{83928AA5-16B1-47BD-88BB-EA3C1C9A0344}.Debug|Any CPU.Build.0 = Debug|Any CPU
		{83928AA5-16B1-47BD-88BB-EA3C1C9A0344}.Release|Any CPU.ActiveCfg = Release|Any CPU
		{83928AA5-16B1-47BD-88BB-EA3C1C9A0344}.Release|Any CPU.Build.0 = Release|Any CPU
	EndGlobalSection
	GlobalSection(SolutionProperties) = preSolution
		HideSolutionNode = FALSE
	EndGlobalSection
	GlobalSection(ExtensibilityGlobals) = postSolution
		SolutionGuid = {316DE89F-54D8-4B0B-ADE0-182A3412445A}
	EndGlobalSection
EndGlobal
